
Microsoft Visual Studio Solution File, Format Version 12.00
Project("{2150E333-8FDC-42A3-9474-1A3956D46DE8}") = "src", "src", "{64DBB7CD-55E7-4076-95A9-7F951A0F74CD}"
EndProject
Project("{2150E333-8FDC-42A3-9474-1A3956D46DE8}") = "solutionItems", "solutionItems", "{16BFD7CA-E08A-44CF-84F5-F61FE6089A87}"
	ProjectSection(SolutionItems) = preProject
		README.md = README.md
		.gitignore = .gitignore
		nuget.config = nuget.config
	EndProjectSection
EndProject
Project("{FAE04EC0-301F-11D3-BF4B-00C04F79EFBC}") = "EL", "src\EL\EL.csproj", "{49C7E10D-C31B-4731-8D1F-8B828CDA6C9D}"
EndProject
Project("{2150E333-8FDC-42A3-9474-1A3956D46DE8}") = "Domain", "Domain", "{7928E1B7-D578-4603-84A1-63292CCADC5A}"
EndProject
Project("{2150E333-8FDC-42A3-9474-1A3956D46DE8}") = "Application", "Application", "{FEA29D28-3D32-4537-B722-7CB5869E14A3}"
EndProject
Project("{2150E333-8FDC-42A3-9474-1A3956D46DE8}") = "Infrastructure", "Infrastructure", "{33A3233E-17C5-405A-8D90-2B049B0F3D52}"
EndProject
Project("{FAE04EC0-301F-11D3-BF4B-00C04F79EFBC}") = "EL.Domain.IR", "src\Domain\EL.Domain.IR\EL.Domain.IR.csproj", "{02590E35-F9E7-42B8-8B22-8087C098EDD3}"
EndProject
Project("{FAE04EC0-301F-11D3-BF4B-00C04F79EFBC}") = "EL.Domain.Backend", "src\Domain\EL.Domain.Backend\EL.Domain.Backend.csproj", "{644EB26E-1E9E-4484-BD9F-943B8A11275F}"
EndProject
Project("{FAE04EC0-301F-11D3-BF4B-00C04F79EFBC}") = "EL.Domain.Frontend", "src\Domain\EL.Domain.Frontend\EL.Domain.Frontend.csproj", "{40073038-AF93-48E3-8032-1ECF7CC9DF89}"
EndProject
Project("{FAE04EC0-301F-11D3-BF4B-00C04F79EFBC}") = "EL.Application.StaticAnalysis", "src\Application\EL.Application.StaticAnalysis\EL.Application.StaticAnalysis.csproj", "{E69BC130-CCBD-4CC9-8F77-7C63F4810EA0}"
EndProject
Project("{FAE04EC0-301F-11D3-BF4B-00C04F79EFBC}") = "EL.Application.CodeGeneration", "src\Application\EL.Application.CodeGeneration\EL.Application.CodeGeneration.csproj", "{80E47375-739F-4152-A705-97AE9C8CC2E4}"
EndProject
Project("{FAE04EC0-301F-11D3-BF4B-00C04F79EFBC}") = "EL.Infrastructure", "src\Infrastructure\EL.Infrastructure\EL.Infrastructure.csproj", "{AB77AF07-3985-4B82-97E3-4C239DBC4BC2}"
EndProject
Project("{2150E333-8FDC-42A3-9474-1A3956D46DE8}") = "Utils", "Utils", "{B927D55D-946A-443B-A95D-85605C1DFC1B}"
EndProject
Project("{FAE04EC0-301F-11D3-BF4B-00C04F79EFBC}") = "EL.CommonUtils", "src\Utils\EL.CommonUtils\EL.CommonUtils.csproj", "{EE69A755-A681-4BBA-AE44-62392E4D4737}"
EndProject
Global
	GlobalSection(SolutionConfigurationPlatforms) = preSolution
		Debug|Any CPU = Debug|Any CPU
		Release|Any CPU = Release|Any CPU
	EndGlobalSection
	GlobalSection(NestedProjects) = preSolution
		{49C7E10D-C31B-4731-8D1F-8B828CDA6C9D} = {64DBB7CD-55E7-4076-95A9-7F951A0F74CD}
		{7928E1B7-D578-4603-84A1-63292CCADC5A} = {64DBB7CD-55E7-4076-95A9-7F951A0F74CD}
		{FEA29D28-3D32-4537-B722-7CB5869E14A3} = {64DBB7CD-55E7-4076-95A9-7F951A0F74CD}
		{33A3233E-17C5-405A-8D90-2B049B0F3D52} = {64DBB7CD-55E7-4076-95A9-7F951A0F74CD}
		{02590E35-F9E7-42B8-8B22-8087C098EDD3} = {7928E1B7-D578-4603-84A1-63292CCADC5A}
		{644EB26E-1E9E-4484-BD9F-943B8A11275F} = {7928E1B7-D578-4603-84A1-63292CCADC5A}
		{40073038-AF93-48E3-8032-1ECF7CC9DF89} = {7928E1B7-D578-4603-84A1-63292CCADC5A}
		{E69BC130-CCBD-4CC9-8F77-7C63F4810EA0} = {FEA29D28-3D32-4537-B722-7CB5869E14A3}
		{80E47375-739F-4152-A705-97AE9C8CC2E4} = {FEA29D28-3D32-4537-B722-7CB5869E14A3}
		{AB77AF07-3985-4B82-97E3-4C239DBC4BC2} = {33A3233E-17C5-405A-8D90-2B049B0F3D52}
		{B927D55D-946A-443B-A95D-85605C1DFC1B} = {64DBB7CD-55E7-4076-95A9-7F951A0F74CD}
		{EE69A755-A681-4BBA-AE44-62392E4D4737} = {B927D55D-946A-443B-A95D-85605C1DFC1B}
	EndGlobalSection
	GlobalSection(ProjectConfigurationPlatforms) = postSolution
		{49C7E10D-C31B-4731-8D1F-8B828CDA6C9D}.Debug|Any CPU.ActiveCfg = Debug|Any CPU
		{49C7E10D-C31B-4731-8D1F-8B828CDA6C9D}.Debug|Any CPU.Build.0 = Debug|Any CPU
		{49C7E10D-C31B-4731-8D1F-8B828CDA6C9D}.Release|Any CPU.ActiveCfg = Release|Any CPU
		{49C7E10D-C31B-4731-8D1F-8B828CDA6C9D}.Release|Any CPU.Build.0 = Release|Any CPU
		{02590E35-F9E7-42B8-8B22-8087C098EDD3}.Debug|Any CPU.ActiveCfg = Debug|Any CPU
		{02590E35-F9E7-42B8-8B22-8087C098EDD3}.Debug|Any CPU.Build.0 = Debug|Any CPU
		{02590E35-F9E7-42B8-8B22-8087C098EDD3}.Release|Any CPU.ActiveCfg = Release|Any CPU
		{02590E35-F9E7-42B8-8B22-8087C098EDD3}.Release|Any CPU.Build.0 = Release|Any CPU
		{644EB26E-1E9E-4484-BD9F-943B8A11275F}.Debug|Any CPU.ActiveCfg = Debug|Any CPU
		{644EB26E-1E9E-4484-BD9F-943B8A11275F}.Debug|Any CPU.Build.0 = Debug|Any CPU
		{644EB26E-1E9E-4484-BD9F-943B8A11275F}.Release|Any CPU.ActiveCfg = Release|Any CPU
		{644EB26E-1E9E-4484-BD9F-943B8A11275F}.Release|Any CPU.Build.0 = Release|Any CPU
		{40073038-AF93-48E3-8032-1ECF7CC9DF89}.Debug|Any CPU.ActiveCfg = Debug|Any CPU
		{40073038-AF93-48E3-8032-1ECF7CC9DF89}.Debug|Any CPU.Build.0 = Debug|Any CPU
		{40073038-AF93-48E3-8032-1ECF7CC9DF89}.Release|Any CPU.ActiveCfg = Release|Any CPU
		{40073038-AF93-48E3-8032-1ECF7CC9DF89}.Release|Any CPU.Build.0 = Release|Any CPU
		{E69BC130-CCBD-4CC9-8F77-7C63F4810EA0}.Debug|Any CPU.ActiveCfg = Debug|Any CPU
		{E69BC130-CCBD-4CC9-8F77-7C63F4810EA0}.Debug|Any CPU.Build.0 = Debug|Any CPU
		{E69BC130-CCBD-4CC9-8F77-7C63F4810EA0}.Release|Any CPU.ActiveCfg = Release|Any CPU
		{E69BC130-CCBD-4CC9-8F77-7C63F4810EA0}.Release|Any CPU.Build.0 = Release|Any CPU
		{80E47375-739F-4152-A705-97AE9C8CC2E4}.Debug|Any CPU.ActiveCfg = Debug|Any CPU
		{80E47375-739F-4152-A705-97AE9C8CC2E4}.Debug|Any CPU.Build.0 = Debug|Any CPU
		{80E47375-739F-4152-A705-97AE9C8CC2E4}.Release|Any CPU.ActiveCfg = Release|Any CPU
		{80E47375-739F-4152-A705-97AE9C8CC2E4}.Release|Any CPU.Build.0 = Release|Any CPU
		{AB77AF07-3985-4B82-97E3-4C239DBC4BC2}.Debug|Any CPU.ActiveCfg = Debug|Any CPU
		{AB77AF07-3985-4B82-97E3-4C239DBC4BC2}.Debug|Any CPU.Build.0 = Debug|Any CPU
		{AB77AF07-3985-4B82-97E3-4C239DBC4BC2}.Release|Any CPU.ActiveCfg = Release|Any CPU
		{AB77AF07-3985-4B82-97E3-4C239DBC4BC2}.Release|Any CPU.Build.0 = Release|Any CPU
		{EE69A755-A681-4BBA-AE44-62392E4D4737}.Debug|Any CPU.ActiveCfg = Debug|Any CPU
		{EE69A755-A681-4BBA-AE44-62392E4D4737}.Debug|Any CPU.Build.0 = Debug|Any CPU
		{EE69A755-A681-4BBA-AE44-62392E4D4737}.Release|Any CPU.ActiveCfg = Release|Any CPU
		{EE69A755-A681-4BBA-AE44-62392E4D4737}.Release|Any CPU.Build.0 = Release|Any CPU
	EndGlobalSection
EndGlobal
